# @generated - this file is auto-generated by `mise lock` https://mise.en.dev/dev-tools/mise-lock.html

[[tools."github:googleapis/api-linter"]]
version = "2.3.1"
backend = "github:googleapis/api-linter"

[tools."github:googleapis/api-linter"."platforms.linux-x64"]
checksum = "sha256:c81a07f4d37a61081071f9a8b33553d4db2f9bb058a77db760d1aaf525bbf0eb"
url = "https://github.com/googleapis/api-linter/releases/download/v2.3.1/api-linter-2.3.1-linux-amd64.tar.gz"
url_api = "https://api.github.com/repos/googleapis/api-linter/releases/assets/375893821"
github_attestations = "unavailable"

[tools."github:googleapis/api-linter"."platforms.linux-x64-musl"]
checksum = "sha256:c81a07f4d37a61081071f9a8b33553d4db2f9bb058a77db760d1aaf525bbf0eb"
url = "https://github.com/googleapis/api-linter/releases/download/v2.3.1/api-linter-2.3.1-linux-amd64.tar.gz"
url_api = "https://api.github.com/repos/googleapis/api-linter/releases/assets/375893821"
github_attestations = "unavailable"

[tools."github:googleapis/api-linter"."platforms.macos-arm64"]
checksum = "sha256:09b7a81c3cc8c07e0b6d22a5975c245571a42eb6345787722ea992147ae20c59"
url = "https://github.com/googleapis/api-linter/releases/download/v2.3.1/api-linter-2.3.1-darwin-arm64.tar.gz"
url_api = "https://api.github.com/repos/googleapis/api-linter/releases/assets/375893868"
github_attestations = "unavailable"

[tools."github:googleapis/api-linter"."platforms.macos-x64"]
checksum = "sha256:569019fce994f4b2a1689271c6e932857089222a63105f2ee877fc33851d9dc8"
url = "https://github.com/googleapis/api-linter/releases/download/v2.3.1/api-linter-2.3.1-darwin-amd64.tar.gz"
url_api = "https://api.github.com/repos/googleapis/api-linter/releases/assets/375893843"
github_attestations = "unavailable"

[tools."github:googleapis/api-linter"."platforms.windows-x64"]
checksum = "sha256:da8e2154f96d9ec60c86fdb61b12e43e593a5ba17cbaab19a186f2f066bc796a"
url = "https://github.com/googleapis/api-linter/releases/download/v2.3.1/api-linter-2.3.1-windows-amd64.tar.gz"
url_api = "https://api.github.com/repos/googleapis/api-linter/releases/assets/375893870"
github_attestations = "unavailable"

[[tools.watchexec]]
version = "2.5.1"
backend = "aqua:watchexec/watchexec"

[tools.watchexec."platforms.linux-arm64"]
checksum = "sha256:c073887583d502fa0b393a8b847bb4460a111b3b0a199d1f70dafd5d89e71a2f"
url = "https://github.com/watchexec/watchexec/releases/download/v2.5.1/watchexec-2.5.1-aarch64-unknown-linux-musl.tar.xz"

[tools.watchexec."platforms.linux-arm64-musl"]
checksum = "sha256:c073887583d502fa0b393a8b847bb4460a111b3b0a199d1f70dafd5d89e71a2f"
url = "https://github.com/watchexec/watchexec/releases/download/v2.5.1/watchexec-2.5.1-aarch64-unknown-linux-musl.tar.xz"

[tools.watchexec."platforms.linux-x64"]
checksum = "sha256:9efabd08de720c1ee7e57b487fe11904f0966828e76146e2b5ea5deee90626be"
url = "https://github.com/watchexec/watchexec/releases/download/v2.5.1/watchexec-2.5.1-x86_64-unknown-linux-musl.tar.xz"

[tools.watchexec."platforms.linux-x64-musl"]
checksum = "sha256:9efabd08de720c1ee7e57b487fe11904f0966828e76146e2b5ea5deee90626be"
url = "https://github.com/watchexec/watchexec/releases/download/v2.5.1/watchexec-2.5.1-x86_64-unknown-linux-musl.tar.xz"

[tools.watchexec."platforms.macos-arm64"]
checksum = "sha256:c5e405dd1109940b2510398d2182990c1be59063b94e11d7ace9c7b435cb1df1"
url = "https://github.com/watchexec/watchexec/releases/download/v2.5.1/watchexec-2.5.1-aarch64-apple-darwin.tar.xz"

[tools.watchexec."platforms.macos-x64"]
checksum = "sha256:bb74bf33286ff7f31dd8e763e017fbc0418360d88baefd35bc57d662d28394e2"
url = "https://github.com/watchexec/watchexec/releases/download/v2.5.1/watchexec-2.5.1-x86_64-apple-darwin.tar.xz"

[tools.watchexec."platforms.windows-x64"]
checksum = "sha256:aa448c2704ca1a37ce0f1fc75381d9a411946dd293cf6236293f549426a577f7"
url = "https://github.com/watchexec/watchexec/releases/download/v2.5.1/watchexec-2.5.1-x86_64-pc-windows-msvc.zip"
