# @generated - this file is auto-generated by `mise lock` https://mise.en.dev/dev-tools/mise-lock.html

[[tools.buf]]
version = "1.70.0"
backend = "aqua:bufbuild/buf"

[tools.buf."platforms.linux-arm64"]
checksum = "sha256:ff3c79a6bb44c41a8053ec0d863234cee82378ea4c29ed5292c852dbf829fec0"
url = "https://github.com/bufbuild/buf/releases/download/v1.70.0/buf-Linux-aarch64.tar.gz"

[tools.buf."platforms.linux-arm64-musl"]
checksum = "sha256:ff3c79a6bb44c41a8053ec0d863234cee82378ea4c29ed5292c852dbf829fec0"
url = "https://github.com/bufbuild/buf/releases/download/v1.70.0/buf-Linux-aarch64.tar.gz"

[tools.buf."platforms.linux-x64"]
checksum = "sha256:18498bdadbdce80792ce08c2c59e0c49f157aa3f5d9b0f9c6e3db795be208b9d"
url = "https://github.com/bufbuild/buf/releases/download/v1.70.0/buf-Linux-x86_64.tar.gz"

[tools.buf."platforms.linux-x64-musl"]
checksum = "sha256:18498bdadbdce80792ce08c2c59e0c49f157aa3f5d9b0f9c6e3db795be208b9d"
url = "https://github.com/bufbuild/buf/releases/download/v1.70.0/buf-Linux-x86_64.tar.gz"

[tools.buf."platforms.macos-arm64"]
checksum = "sha256:9cec23658df093d50f3318580e17f1e309d45b817927f22e9de30f78f3d4d45b"
url = "https://github.com/bufbuild/buf/releases/download/v1.70.0/buf-Darwin-arm64.tar.gz"

[tools.buf."platforms.macos-x64"]
checksum = "sha256:ebeed1af15bcb145c35c5e51eadc8fe0bdba9311e08fd6abca8c23294929d20b"
url = "https://github.com/bufbuild/buf/releases/download/v1.70.0/buf-Darwin-x86_64.tar.gz"

[tools.buf."platforms.windows-x64"]
checksum = "sha256:96422e4313efe2741946f31f57ab4000c440b48d14936992ab98e94c16322f6f"
url = "https://github.com/bufbuild/buf/releases/download/v1.70.0/buf-Windows-x86_64.zip"

[[tools.watchexec]]
version = "2.5.1"
backend = "aqua:watchexec/watchexec"

[tools.watchexec."platforms.linux-arm64"]
checksum = "sha256:c073887583d502fa0b393a8b847bb4460a111b3b0a199d1f70dafd5d89e71a2f"
url = "https://github.com/watchexec/watchexec/releases/download/v2.5.1/watchexec-2.5.1-aarch64-unknown-linux-musl.tar.xz"

[tools.watchexec."platforms.linux-arm64-musl"]
checksum = "sha256:c073887583d502fa0b393a8b847bb4460a111b3b0a199d1f70dafd5d89e71a2f"
url = "https://github.com/watchexec/watchexec/releases/download/v2.5.1/watchexec-2.5.1-aarch64-unknown-linux-musl.tar.xz"

[tools.watchexec."platforms.linux-x64"]
checksum = "sha256:9efabd08de720c1ee7e57b487fe11904f0966828e76146e2b5ea5deee90626be"
url = "https://github.com/watchexec/watchexec/releases/download/v2.5.1/watchexec-2.5.1-x86_64-unknown-linux-musl.tar.xz"

[tools.watchexec."platforms.linux-x64-musl"]
checksum = "sha256:9efabd08de720c1ee7e57b487fe11904f0966828e76146e2b5ea5deee90626be"
url = "https://github.com/watchexec/watchexec/releases/download/v2.5.1/watchexec-2.5.1-x86_64-unknown-linux-musl.tar.xz"

[tools.watchexec."platforms.macos-arm64"]
checksum = "sha256:c5e405dd1109940b2510398d2182990c1be59063b94e11d7ace9c7b435cb1df1"
url = "https://github.com/watchexec/watchexec/releases/download/v2.5.1/watchexec-2.5.1-aarch64-apple-darwin.tar.xz"

[tools.watchexec."platforms.macos-x64"]
checksum = "sha256:bb74bf33286ff7f31dd8e763e017fbc0418360d88baefd35bc57d662d28394e2"
url = "https://github.com/watchexec/watchexec/releases/download/v2.5.1/watchexec-2.5.1-x86_64-apple-darwin.tar.xz"

[tools.watchexec."platforms.windows-x64"]
checksum = "sha256:aa448c2704ca1a37ce0f1fc75381d9a411946dd293cf6236293f549426a577f7"
url = "https://github.com/watchexec/watchexec/releases/download/v2.5.1/watchexec-2.5.1-x86_64-pc-windows-msvc.zip"
